
Microsoft Visual Studio Solution File, Format Version 12.00
# Visual Studio 15
VisualStudioVersion = 15.0.27004.2002
MinimumVisualStudioVersion = 10.0.40219.1
Project("{9A19103F-16F7-4668-BE54-9A1E7A4F7556}") = "UnibookEntertainmentMvc", "UnibookEntertainmentMvc\UnibookEntertainmentMvc.csproj", "{0DE853DF-39F7-4A01-B96D-348C557C530C}"
EndProject
Project("{9A19103F-16F7-4668-BE54-9A1E7A4F7556}") = "AppUnibookRegisterMvc", "..\AppUnibookRegisterMvc\AppUnibookRegisterMvc.csproj", "{AE8F8D38-8D02-4E3E-BFBF-974A02E8A1EE}"
EndProject
Global
	GlobalSection(SolutionConfigurationPlatforms) = preSolution
		Debug|Any CPU = Debug|Any CPU
		Release|Any CPU = Release|Any CPU
	EndGlobalSection
	GlobalSection(ProjectConfigurationPlatforms) = postSolution
		{0DE853DF-39F7-4A01-B96D-348C557C530C}.Debug|Any CPU.ActiveCfg = Debug|Any CPU
		{0DE853DF-39F7-4A01-B96D-348C557C530C}.Debug|Any CPU.Build.0 = Debug|Any CPU
		{0DE853DF-39F7-4A01-B96D-348C557C530C}.Release|Any CPU.ActiveCfg = Release|Any CPU
		{0DE853DF-39F7-4A01-B96D-348C557C530C}.Release|Any CPU.Build.0 = Release|Any CPU
		{AE8F8D38-8D02-4E3E-BFBF-974A02E8A1EE}.Debug|Any CPU.ActiveCfg = Debug|Any CPU
		{AE8F8D38-8D02-4E3E-BFBF-974A02E8A1EE}.Debug|Any CPU.Build.0 = Debug|Any CPU
		{AE8F8D38-8D02-4E3E-BFBF-974A02E8A1EE}.Release|Any CPU.ActiveCfg = Release|Any CPU
		{AE8F8D38-8D02-4E3E-BFBF-974A02E8A1EE}.Release|Any CPU.Build.0 = Release|Any CPU
	EndGlobalSection
	GlobalSection(SolutionProperties) = preSolution
		HideSolutionNode = FALSE
	EndGlobalSection
	GlobalSection(ExtensibilityGlobals) = postSolution
		SolutionGuid = {2DAEA82C-3253-4543-938F-121F042979F9}
	EndGlobalSection
EndGlobal
