
Microsoft Visual Studio Solution File, Format Version 12.00
# Visual Studio 14
VisualStudioVersion = 14.0.25420.1
MinimumVisualStudioVersion = 10.0.40219.1
Project("{FAE04EC0-301F-11D3-BF4B-00C04F79EFBC}") = "PeopleDal", "PeopleDal\PeopleDal.csproj", "{4E061B27-6BAD-4308-9FF0-6BC06E912161}"
EndProject
Project("{2150E333-8FDC-42A3-9474-1A3956D46DE8}") = "DataAccesLayer", "DataAccesLayer", "{F578B195-7749-4699-8E30-8D00ED81DC6D}"
EndProject
Project("{2150E333-8FDC-42A3-9474-1A3956D46DE8}") = "BussinesRulesLayer", "BussinesRulesLayer", "{B1FB58A0-2D5E-4B5B-89FE-FF2D64EA8B32}"
EndProject
Project("{FAE04EC0-301F-11D3-BF4B-00C04F79EFBC}") = "PeopleBrl", "PeopleBrl\PeopleBrl.csproj", "{7577CD1E-4BCB-452D-9F77-5A46E3B04A23}"
EndProject
Project("{2150E333-8FDC-42A3-9474-1A3956D46DE8}") = "Tools", "Tools", "{1B567C8A-8F56-4570-8599-9FB5460D63DF}"
EndProject
Project("{FAE04EC0-301F-11D3-BF4B-00C04F79EFBC}") = "Common", "Common\Common.csproj", "{AE46F7D5-471D-4C6F-B314-70CB437AADA9}"
EndProject
Project("{2150E333-8FDC-42A3-9474-1A3956D46DE8}") = "Test", "Test", "{573C1D33-50F5-4F68-99F0-70BB80FD8D32}"
EndProject
Project("{FAE04EC0-301F-11D3-BF4B-00C04F79EFBC}") = "ConsoleAppPruebas", "ConsoleAppPruebas\ConsoleAppPruebas.csproj", "{1CAD5457-70AC-48BD-A39E-08B6206D62B0}"
EndProject
Project("{2150E333-8FDC-42A3-9474-1A3956D46DE8}") = "Presentation", "Presentation", "{5D39751F-41E2-48CC-A191-DC12D5CDB746}"
EndProject
Project("{FAE04EC0-301F-11D3-BF4B-00C04F79EFBC}") = "WebPeopleServices", "WebPeopleServices\WebPeopleServices.csproj", "{645D643B-0C74-4619-BD47-8EB4F82EEC0A}"
EndProject
Project("{FAE04EC0-301F-11D3-BF4B-00C04F79EFBC}") = "UnitTestProject", "UnitTestProject\UnitTestProject.csproj", "{5C267A69-5BCD-4A9E-A185-EEF4E982AA41}"
	ProjectSection(ProjectDependencies) = postProject
		{645D643B-0C74-4619-BD47-8EB4F82EEC0A} = {645D643B-0C74-4619-BD47-8EB4F82EEC0A}
	EndProjectSection
EndProject
Global
	GlobalSection(SolutionConfigurationPlatforms) = preSolution
		Debug|Any CPU = Debug|Any CPU
		Release|Any CPU = Release|Any CPU
	EndGlobalSection
	GlobalSection(ProjectConfigurationPlatforms) = postSolution
		{4E061B27-6BAD-4308-9FF0-6BC06E912161}.Debug|Any CPU.ActiveCfg = Debug|Any CPU
		{4E061B27-6BAD-4308-9FF0-6BC06E912161}.Debug|Any CPU.Build.0 = Debug|Any CPU
		{4E061B27-6BAD-4308-9FF0-6BC06E912161}.Release|Any CPU.ActiveCfg = Release|Any CPU
		{4E061B27-6BAD-4308-9FF0-6BC06E912161}.Release|Any CPU.Build.0 = Release|Any CPU
		{7577CD1E-4BCB-452D-9F77-5A46E3B04A23}.Debug|Any CPU.ActiveCfg = Debug|Any CPU
		{7577CD1E-4BCB-452D-9F77-5A46E3B04A23}.Debug|Any CPU.Build.0 = Debug|Any CPU
		{7577CD1E-4BCB-452D-9F77-5A46E3B04A23}.Release|Any CPU.ActiveCfg = Release|Any CPU
		{7577CD1E-4BCB-452D-9F77-5A46E3B04A23}.Release|Any CPU.Build.0 = Release|Any CPU
		{AE46F7D5-471D-4C6F-B314-70CB437AADA9}.Debug|Any CPU.ActiveCfg = Debug|Any CPU
		{AE46F7D5-471D-4C6F-B314-70CB437AADA9}.Debug|Any CPU.Build.0 = Debug|Any CPU
		{AE46F7D5-471D-4C6F-B314-70CB437AADA9}.Release|Any CPU.ActiveCfg = Release|Any CPU
		{AE46F7D5-471D-4C6F-B314-70CB437AADA9}.Release|Any CPU.Build.0 = Release|Any CPU
		{1CAD5457-70AC-48BD-A39E-08B6206D62B0}.Debug|Any CPU.ActiveCfg = Debug|Any CPU
		{1CAD5457-70AC-48BD-A39E-08B6206D62B0}.Debug|Any CPU.Build.0 = Debug|Any CPU
		{1CAD5457-70AC-48BD-A39E-08B6206D62B0}.Release|Any CPU.ActiveCfg = Release|Any CPU
		{1CAD5457-70AC-48BD-A39E-08B6206D62B0}.Release|Any CPU.Build.0 = Release|Any CPU
		{645D643B-0C74-4619-BD47-8EB4F82EEC0A}.Debug|Any CPU.ActiveCfg = Debug|Any CPU
		{645D643B-0C74-4619-BD47-8EB4F82EEC0A}.Debug|Any CPU.Build.0 = Debug|Any CPU
		{645D643B-0C74-4619-BD47-8EB4F82EEC0A}.Release|Any CPU.ActiveCfg = Release|Any CPU
		{645D643B-0C74-4619-BD47-8EB4F82EEC0A}.Release|Any CPU.Build.0 = Release|Any CPU
		{5C267A69-5BCD-4A9E-A185-EEF4E982AA41}.Debug|Any CPU.ActiveCfg = Debug|Any CPU
		{5C267A69-5BCD-4A9E-A185-EEF4E982AA41}.Debug|Any CPU.Build.0 = Debug|Any CPU
		{5C267A69-5BCD-4A9E-A185-EEF4E982AA41}.Release|Any CPU.ActiveCfg = Release|Any CPU
		{5C267A69-5BCD-4A9E-A185-EEF4E982AA41}.Release|Any CPU.Build.0 = Release|Any CPU
	EndGlobalSection
	GlobalSection(SolutionProperties) = preSolution
		HideSolutionNode = FALSE
	EndGlobalSection
	GlobalSection(NestedProjects) = preSolution
		{4E061B27-6BAD-4308-9FF0-6BC06E912161} = {F578B195-7749-4699-8E30-8D00ED81DC6D}
		{7577CD1E-4BCB-452D-9F77-5A46E3B04A23} = {B1FB58A0-2D5E-4B5B-89FE-FF2D64EA8B32}
		{AE46F7D5-471D-4C6F-B314-70CB437AADA9} = {1B567C8A-8F56-4570-8599-9FB5460D63DF}
		{1CAD5457-70AC-48BD-A39E-08B6206D62B0} = {573C1D33-50F5-4F68-99F0-70BB80FD8D32}
		{645D643B-0C74-4619-BD47-8EB4F82EEC0A} = {5D39751F-41E2-48CC-A191-DC12D5CDB746}
		{5C267A69-5BCD-4A9E-A185-EEF4E982AA41} = {573C1D33-50F5-4F68-99F0-70BB80FD8D32}
	EndGlobalSection
	GlobalSection(ExtensibilityGlobals) = postSolution
		SolutionGuid = {CB1B0C4E-A42F-4839-8691-8ACB4ABA9376}
	EndGlobalSection
EndGlobal
