
Microsoft Visual Studio Solution File, Format Version 12.00
# Visual Studio 2013
VisualStudioVersion = 12.0.21005.1
MinimumVisualStudioVersion = 10.0.40219.1
Project("{FAE04EC0-301F-11D3-BF4B-00C04F79EFBC}") = "PeopleDal", "PeopleDal\PeopleDal.csproj", "{4E061B27-6BAD-4308-9FF0-6BC06E912161}"
EndProject
Project("{2150E333-8FDC-42A3-9474-1A3956D46DE8}") = "DataAccesLayer", "DataAccesLayer", "{F578B195-7749-4699-8E30-8D00ED81DC6D}"
EndProject
Project("{2150E333-8FDC-42A3-9474-1A3956D46DE8}") = "BussinesRulesLayer", "BussinesRulesLayer", "{B1FB58A0-2D5E-4B5B-89FE-FF2D64EA8B32}"
EndProject
Project("{FAE04EC0-301F-11D3-BF4B-00C04F79EFBC}") = "PeopleBrl", "PeopleBrl\PeopleBrl.csproj", "{7577CD1E-4BCB-452D-9F77-5A46E3B04A23}"
EndProject
Project("{2150E333-8FDC-42A3-9474-1A3956D46DE8}") = "Tools", "Tools", "{1B567C8A-8F56-4570-8599-9FB5460D63DF}"
EndProject
Project("{FAE04EC0-301F-11D3-BF4B-00C04F79EFBC}") = "Common", "Common\Common.csproj", "{AE46F7D5-471D-4C6F-B314-70CB437AADA9}"
EndProject
Global
	GlobalSection(SolutionConfigurationPlatforms) = preSolution
		Debug|Any CPU = Debug|Any CPU
		Release|Any CPU = Release|Any CPU
	EndGlobalSection
	GlobalSection(ProjectConfigurationPlatforms) = postSolution
		{4E061B27-6BAD-4308-9FF0-6BC06E912161}.Debug|Any CPU.ActiveCfg = Debug|Any CPU
		{4E061B27-6BAD-4308-9FF0-6BC06E912161}.Debug|Any CPU.Build.0 = Debug|Any CPU
		{4E061B27-6BAD-4308-9FF0-6BC06E912161}.Release|Any CPU.ActiveCfg = Release|Any CPU
		{4E061B27-6BAD-4308-9FF0-6BC06E912161}.Release|Any CPU.Build.0 = Release|Any CPU
		{7577CD1E-4BCB-452D-9F77-5A46E3B04A23}.Debug|Any CPU.ActiveCfg = Debug|Any CPU
		{7577CD1E-4BCB-452D-9F77-5A46E3B04A23}.Debug|Any CPU.Build.0 = Debug|Any CPU
		{7577CD1E-4BCB-452D-9F77-5A46E3B04A23}.Release|Any CPU.ActiveCfg = Release|Any CPU
		{7577CD1E-4BCB-452D-9F77-5A46E3B04A23}.Release|Any CPU.Build.0 = Release|Any CPU
		{AE46F7D5-471D-4C6F-B314-70CB437AADA9}.Debug|Any CPU.ActiveCfg = Debug|Any CPU
		{AE46F7D5-471D-4C6F-B314-70CB437AADA9}.Debug|Any CPU.Build.0 = Debug|Any CPU
		{AE46F7D5-471D-4C6F-B314-70CB437AADA9}.Release|Any CPU.ActiveCfg = Release|Any CPU
		{AE46F7D5-471D-4C6F-B314-70CB437AADA9}.Release|Any CPU.Build.0 = Release|Any CPU
	EndGlobalSection
	GlobalSection(SolutionProperties) = preSolution
		HideSolutionNode = FALSE
	EndGlobalSection
	GlobalSection(NestedProjects) = preSolution
		{4E061B27-6BAD-4308-9FF0-6BC06E912161} = {F578B195-7749-4699-8E30-8D00ED81DC6D}
		{7577CD1E-4BCB-452D-9F77-5A46E3B04A23} = {B1FB58A0-2D5E-4B5B-89FE-FF2D64EA8B32}
		{AE46F7D5-471D-4C6F-B314-70CB437AADA9} = {1B567C8A-8F56-4570-8599-9FB5460D63DF}
	EndGlobalSection
EndGlobal
