
Microsoft Visual Studio Solution File, Format Version 12.00
# Visual Studio 2013
VisualStudioVersion = 12.0.21005.1
MinimumVisualStudioVersion = 10.0.40219.1
Project("{2150E333-8FDC-42A3-9474-1A3956D46DE8}") = "Tools", "Tools", "{A8D35DDF-160B-4206-8243-916DB6BD8CDE}"
EndProject
Project("{FAE04EC0-301F-11D3-BF4B-00C04F79EFBC}") = "Common", "Common\Common.csproj", "{522788E6-8782-4E34-9F9F-D1D02249E46F}"
EndProject
Project("{2150E333-8FDC-42A3-9474-1A3956D46DE8}") = "DataAccesLayer", "DataAccesLayer", "{A8D5860F-D098-4E35-A2FD-5D35AEC16B16}"
EndProject
Project("{2150E333-8FDC-42A3-9474-1A3956D46DE8}") = "BussinessRulesLayer", "BussinessRulesLayer", "{914D4E90-3C0F-40C9-BC48-D0CAC08EF788}"
EndProject
Project("{2150E333-8FDC-42A3-9474-1A3956D46DE8}") = "Test", "Test", "{3E3A78F9-B8FC-42F6-9434-639B21E0AA8E}"
EndProject
Project("{FAE04EC0-301F-11D3-BF4B-00C04F79EFBC}") = "UsersDal", "UsersDal\UsersDal.csproj", "{0C35FC1F-5130-43D2-9C6B-F5467EAEE3B4}"
EndProject
Project("{FAE04EC0-301F-11D3-BF4B-00C04F79EFBC}") = "UsersBrl", "UsersBrl\UsersBrl.csproj", "{D977D4A1-464C-4843-9BB7-15EC085825E8}"
EndProject
Project("{FAE04EC0-301F-11D3-BF4B-00C04F79EFBC}") = "UsersTest", "UsersTest\UsersTest.csproj", "{983907DC-529D-45DB-80A4-75FDAA1667B1}"
EndProject
Project("{FAE04EC0-301F-11D3-BF4B-00C04F79EFBC}") = "UserTest", "UserTest\UserTest.csproj", "{4BFFA263-6828-491D-B6EA-FC1C1223AC51}"
EndProject
Project("{FAE04EC0-301F-11D3-BF4B-00C04F79EFBC}") = "NewsDal", "NewsDal\NewsDal.csproj", "{C6EDADE2-A887-43EA-AE60-52C867A98F34}"
EndProject
Project("{FAE04EC0-301F-11D3-BF4B-00C04F79EFBC}") = "NewsBrl", "NewsBrl\NewsBrl.csproj", "{BA96B47B-A685-4B3A-B317-5687BA0752DC}"
EndProject
Project("{FAE04EC0-301F-11D3-BF4B-00C04F79EFBC}") = "NewsTest", "NewsTest\NewsTest.csproj", "{DCB1DB74-149F-4057-A1CF-7CF7EE265CB2}"
EndProject
Project("{2150E333-8FDC-42A3-9474-1A3956D46DE8}") = "Presentation", "Presentation", "{CAEA29E5-714C-4D3F-A221-BB22FE7219D2}"
EndProject
Project("{FAE04EC0-301F-11D3-BF4B-00C04F79EFBC}") = "WebNewsService", "WebNewsService\WebNewsService.csproj", "{545C25D4-DC4B-4F12-8D86-56E33EEEBD68}"
EndProject
Project("{FAE04EC0-301F-11D3-BF4B-00C04F79EFBC}") = "WebApplication1", "WebApplication1\WebApplication1.csproj", "{9ADE0F80-193B-44CD-8E86-EF523C5B49D1}"
EndProject
Project("{FAE04EC0-301F-11D3-BF4B-00C04F79EFBC}") = "CommonDto", "CommonDto\CommonDto.csproj", "{0D5130AB-5829-4B5D-9059-9AE28A94379B}"
EndProject
Global
	GlobalSection(SolutionConfigurationPlatforms) = preSolution
		Debug|Any CPU = Debug|Any CPU
		Release|Any CPU = Release|Any CPU
	EndGlobalSection
	GlobalSection(ProjectConfigurationPlatforms) = postSolution
		{522788E6-8782-4E34-9F9F-D1D02249E46F}.Debug|Any CPU.ActiveCfg = Debug|Any CPU
		{522788E6-8782-4E34-9F9F-D1D02249E46F}.Debug|Any CPU.Build.0 = Debug|Any CPU
		{522788E6-8782-4E34-9F9F-D1D02249E46F}.Release|Any CPU.ActiveCfg = Release|Any CPU
		{522788E6-8782-4E34-9F9F-D1D02249E46F}.Release|Any CPU.Build.0 = Release|Any CPU
		{0C35FC1F-5130-43D2-9C6B-F5467EAEE3B4}.Debug|Any CPU.ActiveCfg = Debug|Any CPU
		{0C35FC1F-5130-43D2-9C6B-F5467EAEE3B4}.Debug|Any CPU.Build.0 = Debug|Any CPU
		{0C35FC1F-5130-43D2-9C6B-F5467EAEE3B4}.Release|Any CPU.ActiveCfg = Release|Any CPU
		{0C35FC1F-5130-43D2-9C6B-F5467EAEE3B4}.Release|Any CPU.Build.0 = Release|Any CPU
		{D977D4A1-464C-4843-9BB7-15EC085825E8}.Debug|Any CPU.ActiveCfg = Debug|Any CPU
		{D977D4A1-464C-4843-9BB7-15EC085825E8}.Debug|Any CPU.Build.0 = Debug|Any CPU
		{D977D4A1-464C-4843-9BB7-15EC085825E8}.Release|Any CPU.ActiveCfg = Release|Any CPU
		{D977D4A1-464C-4843-9BB7-15EC085825E8}.Release|Any CPU.Build.0 = Release|Any CPU
		{983907DC-529D-45DB-80A4-75FDAA1667B1}.Debug|Any CPU.ActiveCfg = Debug|Any CPU
		{983907DC-529D-45DB-80A4-75FDAA1667B1}.Debug|Any CPU.Build.0 = Debug|Any CPU
		{983907DC-529D-45DB-80A4-75FDAA1667B1}.Release|Any CPU.ActiveCfg = Release|Any CPU
		{983907DC-529D-45DB-80A4-75FDAA1667B1}.Release|Any CPU.Build.0 = Release|Any CPU
		{4BFFA263-6828-491D-B6EA-FC1C1223AC51}.Debug|Any CPU.ActiveCfg = Debug|Any CPU
		{4BFFA263-6828-491D-B6EA-FC1C1223AC51}.Debug|Any CPU.Build.0 = Debug|Any CPU
		{4BFFA263-6828-491D-B6EA-FC1C1223AC51}.Release|Any CPU.ActiveCfg = Release|Any CPU
		{4BFFA263-6828-491D-B6EA-FC1C1223AC51}.Release|Any CPU.Build.0 = Release|Any CPU
		{C6EDADE2-A887-43EA-AE60-52C867A98F34}.Debug|Any CPU.ActiveCfg = Debug|Any CPU
		{C6EDADE2-A887-43EA-AE60-52C867A98F34}.Debug|Any CPU.Build.0 = Debug|Any CPU
		{C6EDADE2-A887-43EA-AE60-52C867A98F34}.Release|Any CPU.ActiveCfg = Release|Any CPU
		{C6EDADE2-A887-43EA-AE60-52C867A98F34}.Release|Any CPU.Build.0 = Release|Any CPU
		{BA96B47B-A685-4B3A-B317-5687BA0752DC}.Debug|Any CPU.ActiveCfg = Debug|Any CPU
		{BA96B47B-A685-4B3A-B317-5687BA0752DC}.Debug|Any CPU.Build.0 = Debug|Any CPU
		{BA96B47B-A685-4B3A-B317-5687BA0752DC}.Release|Any CPU.ActiveCfg = Release|Any CPU
		{BA96B47B-A685-4B3A-B317-5687BA0752DC}.Release|Any CPU.Build.0 = Release|Any CPU
		{DCB1DB74-149F-4057-A1CF-7CF7EE265CB2}.Debug|Any CPU.ActiveCfg = Debug|Any CPU
		{DCB1DB74-149F-4057-A1CF-7CF7EE265CB2}.Debug|Any CPU.Build.0 = Debug|Any CPU
		{DCB1DB74-149F-4057-A1CF-7CF7EE265CB2}.Release|Any CPU.ActiveCfg = Release|Any CPU
		{DCB1DB74-149F-4057-A1CF-7CF7EE265CB2}.Release|Any CPU.Build.0 = Release|Any CPU
		{545C25D4-DC4B-4F12-8D86-56E33EEEBD68}.Debug|Any CPU.ActiveCfg = Debug|Any CPU
		{545C25D4-DC4B-4F12-8D86-56E33EEEBD68}.Debug|Any CPU.Build.0 = Debug|Any CPU
		{545C25D4-DC4B-4F12-8D86-56E33EEEBD68}.Release|Any CPU.ActiveCfg = Release|Any CPU
		{545C25D4-DC4B-4F12-8D86-56E33EEEBD68}.Release|Any CPU.Build.0 = Release|Any CPU
		{9ADE0F80-193B-44CD-8E86-EF523C5B49D1}.Debug|Any CPU.ActiveCfg = Debug|Any CPU
		{9ADE0F80-193B-44CD-8E86-EF523C5B49D1}.Debug|Any CPU.Build.0 = Debug|Any CPU
		{9ADE0F80-193B-44CD-8E86-EF523C5B49D1}.Release|Any CPU.ActiveCfg = Release|Any CPU
		{9ADE0F80-193B-44CD-8E86-EF523C5B49D1}.Release|Any CPU.Build.0 = Release|Any CPU
		{0D5130AB-5829-4B5D-9059-9AE28A94379B}.Debug|Any CPU.ActiveCfg = Debug|Any CPU
		{0D5130AB-5829-4B5D-9059-9AE28A94379B}.Debug|Any CPU.Build.0 = Debug|Any CPU
		{0D5130AB-5829-4B5D-9059-9AE28A94379B}.Release|Any CPU.ActiveCfg = Release|Any CPU
		{0D5130AB-5829-4B5D-9059-9AE28A94379B}.Release|Any CPU.Build.0 = Release|Any CPU
	EndGlobalSection
	GlobalSection(SolutionProperties) = preSolution
		HideSolutionNode = FALSE
	EndGlobalSection
	GlobalSection(NestedProjects) = preSolution
		{522788E6-8782-4E34-9F9F-D1D02249E46F} = {A8D35DDF-160B-4206-8243-916DB6BD8CDE}
		{0D5130AB-5829-4B5D-9059-9AE28A94379B} = {A8D35DDF-160B-4206-8243-916DB6BD8CDE}
		{0C35FC1F-5130-43D2-9C6B-F5467EAEE3B4} = {A8D5860F-D098-4E35-A2FD-5D35AEC16B16}
		{C6EDADE2-A887-43EA-AE60-52C867A98F34} = {A8D5860F-D098-4E35-A2FD-5D35AEC16B16}
		{D977D4A1-464C-4843-9BB7-15EC085825E8} = {914D4E90-3C0F-40C9-BC48-D0CAC08EF788}
		{BA96B47B-A685-4B3A-B317-5687BA0752DC} = {914D4E90-3C0F-40C9-BC48-D0CAC08EF788}
		{983907DC-529D-45DB-80A4-75FDAA1667B1} = {3E3A78F9-B8FC-42F6-9434-639B21E0AA8E}
		{4BFFA263-6828-491D-B6EA-FC1C1223AC51} = {3E3A78F9-B8FC-42F6-9434-639B21E0AA8E}
		{DCB1DB74-149F-4057-A1CF-7CF7EE265CB2} = {3E3A78F9-B8FC-42F6-9434-639B21E0AA8E}
		{545C25D4-DC4B-4F12-8D86-56E33EEEBD68} = {CAEA29E5-714C-4D3F-A221-BB22FE7219D2}
		{9ADE0F80-193B-44CD-8E86-EF523C5B49D1} = {CAEA29E5-714C-4D3F-A221-BB22FE7219D2}
	EndGlobalSection
	GlobalSection(ExtensibilityGlobals) = postSolution
		SolutionGuid = {EB61ACF2-A344-4BFA-A89D-C07FC752A929}
	EndGlobalSection
EndGlobal
