
Microsoft Visual Studio Solution File, Format Version 12.00
# Visual Studio 15
VisualStudioVersion = 15.0.27004.2002
MinimumVisualStudioVersion = 10.0.40219.1
Project("{2150E333-8FDC-42A3-9474-1A3956D46DE8}") = "Tools", "Tools", "{A8D35DDF-160B-4206-8243-916DB6BD8CDE}"
EndProject
Project("{FAE04EC0-301F-11D3-BF4B-00C04F79EFBC}") = "Common", "Common\Common.csproj", "{522788E6-8782-4E34-9F9F-D1D02249E46F}"
EndProject
Project("{2150E333-8FDC-42A3-9474-1A3956D46DE8}") = "DataAccesLayer", "DataAccesLayer", "{A8D5860F-D098-4E35-A2FD-5D35AEC16B16}"
EndProject
Project("{2150E333-8FDC-42A3-9474-1A3956D46DE8}") = "BussinessRulesLayer", "BussinessRulesLayer", "{914D4E90-3C0F-40C9-BC48-D0CAC08EF788}"
EndProject
Project("{2150E333-8FDC-42A3-9474-1A3956D46DE8}") = "Test", "Test", "{3E3A78F9-B8FC-42F6-9434-639B21E0AA8E}"
EndProject
Project("{FAE04EC0-301F-11D3-BF4B-00C04F79EFBC}") = "UsersDal", "UsersDal\UsersDal.csproj", "{0C35FC1F-5130-43D2-9C6B-F5467EAEE3B4}"
EndProject
Project("{FAE04EC0-301F-11D3-BF4B-00C04F79EFBC}") = "UsersBrl", "UsersBrl\UsersBrl.csproj", "{D977D4A1-464C-4843-9BB7-15EC085825E8}"
EndProject
Project("{FAE04EC0-301F-11D3-BF4B-00C04F79EFBC}") = "UsersTest", "UsersTest\UsersTest.csproj", "{983907DC-529D-45DB-80A4-75FDAA1667B1}"
	ProjectSection(ProjectDependencies) = postProject
		{C950FA67-3957-4E2B-BAAC-2A1A623CCE99} = {C950FA67-3957-4E2B-BAAC-2A1A623CCE99}
	EndProjectSection
EndProject
Project("{FAE04EC0-301F-11D3-BF4B-00C04F79EFBC}") = "UserTest", "UserTest\UserTest.csproj", "{4BFFA263-6828-491D-B6EA-FC1C1223AC51}"
EndProject
Project("{2150E333-8FDC-42A3-9474-1A3956D46DE8}") = "Presentation", "Presentation", "{4C3E196C-A362-4F3A-9725-3EDCBD426360}"
EndProject
Project("{FAE04EC0-301F-11D3-BF4B-00C04F79EFBC}") = "CommonDto", "CommonRegister\CommonDto.csproj", "{10993FEA-0F5B-4694-840F-3FCD3F9C9DB2}"
EndProject
Project("{FAE04EC0-301F-11D3-BF4B-00C04F79EFBC}") = "WebRegisterServices", "WebRegisterServices\WebRegisterServices.csproj", "{C950FA67-3957-4E2B-BAAC-2A1A623CCE99}"
EndProject
Project("{FAE04EC0-301F-11D3-BF4B-00C04F79EFBC}") = "LoginDal", "LoginDal\LoginDal.csproj", "{734C1CA2-C300-497B-A8DD-061D818353D1}"
EndProject
Project("{FAE04EC0-301F-11D3-BF4B-00C04F79EFBC}") = "LoginTest", "LoginTest\LoginTest.csproj", "{093D4B17-3BC8-4513-A540-0EDB61F20F83}"
EndProject
Project("{FAE04EC0-301F-11D3-BF4B-00C04F79EFBC}") = "LoginBrl", "LoginBrl\LoginBrl.csproj", "{267471F4-B3C7-45B0-B9D0-36AB3039C559}"
EndProject
Project("{FAE04EC0-301F-11D3-BF4B-00C04F79EFBC}") = "WebLoginServices", "WebLoginServices\WebLoginServices.csproj", "{8FF1D613-8EBB-4C25-A96C-B0D62FE07871}"
EndProject
Project("{9A19103F-16F7-4668-BE54-9A1E7A4F7556}") = "WebAppLogin", "WebAppLogin\WebAppLogin.csproj", "{705A1DA3-42DB-4CE1-873B-EDDC49D9E6D6}"
EndProject
Project("{9A19103F-16F7-4668-BE54-9A1E7A4F7556}") = "AppUnibookRegisterMvc", "AppUnibookRegisterMvc\AppUnibookRegisterMvc.csproj", "{5A980173-95AE-43E3-AE2D-B5FAFBC2C6C9}"
EndProject
Project("{FAE04EC0-301F-11D3-BF4B-00C04F79EFBC}") = "PasswordDal", "PasswordDal\PasswordDal.csproj", "{58F119B8-FB5D-4F26-9BCF-83CAFF7861C0}"
EndProject
Project("{FAE04EC0-301F-11D3-BF4B-00C04F79EFBC}") = "PasswordBrl", "PasswordBrl\PasswordBrl.csproj", "{3D4AF992-A7B4-4A98-B9D6-E1EC1D8CF43D}"
EndProject
Project("{FAE04EC0-301F-11D3-BF4B-00C04F79EFBC}") = "EntertainmentsDal", "EntertainmentsDal\EntertainmentsDal.csproj", "{A38DC898-E9CC-48A6-8F70-960FF7079201}"
EndProject
Project("{FAE04EC0-301F-11D3-BF4B-00C04F79EFBC}") = "EntertainmentsBrl", "EntertainmentsBrl\EntertainmentsBrl.csproj", "{CF150814-07D8-47EC-BC0A-B498420ADF08}"
EndProject
Project("{FAE04EC0-301F-11D3-BF4B-00C04F79EFBC}") = "WebEntertainmentsServices", "WebEntertainmentsServices\WebEntertainmentsServices.csproj", "{ED6B7779-151F-4AF8-9B11-C54F5B0819B0}"
EndProject
Global
	GlobalSection(SolutionConfigurationPlatforms) = preSolution
		Debug|Any CPU = Debug|Any CPU
		Release|Any CPU = Release|Any CPU
	EndGlobalSection
	GlobalSection(ProjectConfigurationPlatforms) = postSolution
		{522788E6-8782-4E34-9F9F-D1D02249E46F}.Debug|Any CPU.ActiveCfg = Debug|Any CPU
		{522788E6-8782-4E34-9F9F-D1D02249E46F}.Debug|Any CPU.Build.0 = Debug|Any CPU
		{522788E6-8782-4E34-9F9F-D1D02249E46F}.Release|Any CPU.ActiveCfg = Release|Any CPU
		{522788E6-8782-4E34-9F9F-D1D02249E46F}.Release|Any CPU.Build.0 = Release|Any CPU
		{0C35FC1F-5130-43D2-9C6B-F5467EAEE3B4}.Debug|Any CPU.ActiveCfg = Debug|Any CPU
		{0C35FC1F-5130-43D2-9C6B-F5467EAEE3B4}.Debug|Any CPU.Build.0 = Debug|Any CPU
		{0C35FC1F-5130-43D2-9C6B-F5467EAEE3B4}.Release|Any CPU.ActiveCfg = Release|Any CPU
		{0C35FC1F-5130-43D2-9C6B-F5467EAEE3B4}.Release|Any CPU.Build.0 = Release|Any CPU
		{D977D4A1-464C-4843-9BB7-15EC085825E8}.Debug|Any CPU.ActiveCfg = Debug|Any CPU
		{D977D4A1-464C-4843-9BB7-15EC085825E8}.Debug|Any CPU.Build.0 = Debug|Any CPU
		{D977D4A1-464C-4843-9BB7-15EC085825E8}.Release|Any CPU.ActiveCfg = Release|Any CPU
		{D977D4A1-464C-4843-9BB7-15EC085825E8}.Release|Any CPU.Build.0 = Release|Any CPU
		{983907DC-529D-45DB-80A4-75FDAA1667B1}.Debug|Any CPU.ActiveCfg = Debug|Any CPU
		{983907DC-529D-45DB-80A4-75FDAA1667B1}.Debug|Any CPU.Build.0 = Debug|Any CPU
		{983907DC-529D-45DB-80A4-75FDAA1667B1}.Release|Any CPU.ActiveCfg = Release|Any CPU
		{983907DC-529D-45DB-80A4-75FDAA1667B1}.Release|Any CPU.Build.0 = Release|Any CPU
		{4BFFA263-6828-491D-B6EA-FC1C1223AC51}.Debug|Any CPU.ActiveCfg = Debug|Any CPU
		{4BFFA263-6828-491D-B6EA-FC1C1223AC51}.Debug|Any CPU.Build.0 = Debug|Any CPU
		{4BFFA263-6828-491D-B6EA-FC1C1223AC51}.Release|Any CPU.ActiveCfg = Release|Any CPU
		{4BFFA263-6828-491D-B6EA-FC1C1223AC51}.Release|Any CPU.Build.0 = Release|Any CPU
		{10993FEA-0F5B-4694-840F-3FCD3F9C9DB2}.Debug|Any CPU.ActiveCfg = Debug|Any CPU
		{10993FEA-0F5B-4694-840F-3FCD3F9C9DB2}.Debug|Any CPU.Build.0 = Debug|Any CPU
		{10993FEA-0F5B-4694-840F-3FCD3F9C9DB2}.Release|Any CPU.ActiveCfg = Release|Any CPU
		{10993FEA-0F5B-4694-840F-3FCD3F9C9DB2}.Release|Any CPU.Build.0 = Release|Any CPU
		{C950FA67-3957-4E2B-BAAC-2A1A623CCE99}.Debug|Any CPU.ActiveCfg = Debug|Any CPU
		{C950FA67-3957-4E2B-BAAC-2A1A623CCE99}.Debug|Any CPU.Build.0 = Debug|Any CPU
		{C950FA67-3957-4E2B-BAAC-2A1A623CCE99}.Release|Any CPU.ActiveCfg = Release|Any CPU
		{C950FA67-3957-4E2B-BAAC-2A1A623CCE99}.Release|Any CPU.Build.0 = Release|Any CPU
		{734C1CA2-C300-497B-A8DD-061D818353D1}.Debug|Any CPU.ActiveCfg = Debug|Any CPU
		{734C1CA2-C300-497B-A8DD-061D818353D1}.Debug|Any CPU.Build.0 = Debug|Any CPU
		{734C1CA2-C300-497B-A8DD-061D818353D1}.Release|Any CPU.ActiveCfg = Release|Any CPU
		{734C1CA2-C300-497B-A8DD-061D818353D1}.Release|Any CPU.Build.0 = Release|Any CPU
		{093D4B17-3BC8-4513-A540-0EDB61F20F83}.Debug|Any CPU.ActiveCfg = Debug|Any CPU
		{093D4B17-3BC8-4513-A540-0EDB61F20F83}.Debug|Any CPU.Build.0 = Debug|Any CPU
		{093D4B17-3BC8-4513-A540-0EDB61F20F83}.Release|Any CPU.ActiveCfg = Release|Any CPU
		{093D4B17-3BC8-4513-A540-0EDB61F20F83}.Release|Any CPU.Build.0 = Release|Any CPU
		{267471F4-B3C7-45B0-B9D0-36AB3039C559}.Debug|Any CPU.ActiveCfg = Debug|Any CPU
		{267471F4-B3C7-45B0-B9D0-36AB3039C559}.Debug|Any CPU.Build.0 = Debug|Any CPU
		{267471F4-B3C7-45B0-B9D0-36AB3039C559}.Release|Any CPU.ActiveCfg = Release|Any CPU
		{267471F4-B3C7-45B0-B9D0-36AB3039C559}.Release|Any CPU.Build.0 = Release|Any CPU
		{8FF1D613-8EBB-4C25-A96C-B0D62FE07871}.Debug|Any CPU.ActiveCfg = Debug|Any CPU
		{8FF1D613-8EBB-4C25-A96C-B0D62FE07871}.Debug|Any CPU.Build.0 = Debug|Any CPU
		{8FF1D613-8EBB-4C25-A96C-B0D62FE07871}.Release|Any CPU.ActiveCfg = Release|Any CPU
		{8FF1D613-8EBB-4C25-A96C-B0D62FE07871}.Release|Any CPU.Build.0 = Release|Any CPU
		{705A1DA3-42DB-4CE1-873B-EDDC49D9E6D6}.Debug|Any CPU.ActiveCfg = Debug|Any CPU
		{705A1DA3-42DB-4CE1-873B-EDDC49D9E6D6}.Debug|Any CPU.Build.0 = Debug|Any CPU
		{705A1DA3-42DB-4CE1-873B-EDDC49D9E6D6}.Release|Any CPU.ActiveCfg = Release|Any CPU
		{705A1DA3-42DB-4CE1-873B-EDDC49D9E6D6}.Release|Any CPU.Build.0 = Release|Any CPU
		{5A980173-95AE-43E3-AE2D-B5FAFBC2C6C9}.Debug|Any CPU.ActiveCfg = Debug|Any CPU
		{5A980173-95AE-43E3-AE2D-B5FAFBC2C6C9}.Debug|Any CPU.Build.0 = Debug|Any CPU
		{5A980173-95AE-43E3-AE2D-B5FAFBC2C6C9}.Release|Any CPU.ActiveCfg = Release|Any CPU
		{5A980173-95AE-43E3-AE2D-B5FAFBC2C6C9}.Release|Any CPU.Build.0 = Release|Any CPU
		{58F119B8-FB5D-4F26-9BCF-83CAFF7861C0}.Debug|Any CPU.ActiveCfg = Debug|Any CPU
		{58F119B8-FB5D-4F26-9BCF-83CAFF7861C0}.Debug|Any CPU.Build.0 = Debug|Any CPU
		{58F119B8-FB5D-4F26-9BCF-83CAFF7861C0}.Release|Any CPU.ActiveCfg = Release|Any CPU
		{58F119B8-FB5D-4F26-9BCF-83CAFF7861C0}.Release|Any CPU.Build.0 = Release|Any CPU
		{3D4AF992-A7B4-4A98-B9D6-E1EC1D8CF43D}.Debug|Any CPU.ActiveCfg = Debug|Any CPU
		{3D4AF992-A7B4-4A98-B9D6-E1EC1D8CF43D}.Debug|Any CPU.Build.0 = Debug|Any CPU
		{3D4AF992-A7B4-4A98-B9D6-E1EC1D8CF43D}.Release|Any CPU.ActiveCfg = Release|Any CPU
		{3D4AF992-A7B4-4A98-B9D6-E1EC1D8CF43D}.Release|Any CPU.Build.0 = Release|Any CPU
		{A38DC898-E9CC-48A6-8F70-960FF7079201}.Debug|Any CPU.ActiveCfg = Debug|Any CPU
		{A38DC898-E9CC-48A6-8F70-960FF7079201}.Debug|Any CPU.Build.0 = Debug|Any CPU
		{A38DC898-E9CC-48A6-8F70-960FF7079201}.Release|Any CPU.ActiveCfg = Release|Any CPU
		{A38DC898-E9CC-48A6-8F70-960FF7079201}.Release|Any CPU.Build.0 = Release|Any CPU
		{CF150814-07D8-47EC-BC0A-B498420ADF08}.Debug|Any CPU.ActiveCfg = Debug|Any CPU
		{CF150814-07D8-47EC-BC0A-B498420ADF08}.Debug|Any CPU.Build.0 = Debug|Any CPU
		{CF150814-07D8-47EC-BC0A-B498420ADF08}.Release|Any CPU.ActiveCfg = Release|Any CPU
		{CF150814-07D8-47EC-BC0A-B498420ADF08}.Release|Any CPU.Build.0 = Release|Any CPU
		{ED6B7779-151F-4AF8-9B11-C54F5B0819B0}.Debug|Any CPU.ActiveCfg = Debug|Any CPU
		{ED6B7779-151F-4AF8-9B11-C54F5B0819B0}.Debug|Any CPU.Build.0 = Debug|Any CPU
		{ED6B7779-151F-4AF8-9B11-C54F5B0819B0}.Release|Any CPU.ActiveCfg = Release|Any CPU
		{ED6B7779-151F-4AF8-9B11-C54F5B0819B0}.Release|Any CPU.Build.0 = Release|Any CPU
	EndGlobalSection
	GlobalSection(SolutionProperties) = preSolution
		HideSolutionNode = FALSE
	EndGlobalSection
	GlobalSection(NestedProjects) = preSolution
		{522788E6-8782-4E34-9F9F-D1D02249E46F} = {A8D35DDF-160B-4206-8243-916DB6BD8CDE}
		{0C35FC1F-5130-43D2-9C6B-F5467EAEE3B4} = {A8D5860F-D098-4E35-A2FD-5D35AEC16B16}
		{D977D4A1-464C-4843-9BB7-15EC085825E8} = {914D4E90-3C0F-40C9-BC48-D0CAC08EF788}
		{983907DC-529D-45DB-80A4-75FDAA1667B1} = {3E3A78F9-B8FC-42F6-9434-639B21E0AA8E}
		{4BFFA263-6828-491D-B6EA-FC1C1223AC51} = {3E3A78F9-B8FC-42F6-9434-639B21E0AA8E}
		{10993FEA-0F5B-4694-840F-3FCD3F9C9DB2} = {A8D35DDF-160B-4206-8243-916DB6BD8CDE}
		{C950FA67-3957-4E2B-BAAC-2A1A623CCE99} = {4C3E196C-A362-4F3A-9725-3EDCBD426360}
		{734C1CA2-C300-497B-A8DD-061D818353D1} = {A8D5860F-D098-4E35-A2FD-5D35AEC16B16}
		{093D4B17-3BC8-4513-A540-0EDB61F20F83} = {3E3A78F9-B8FC-42F6-9434-639B21E0AA8E}
		{267471F4-B3C7-45B0-B9D0-36AB3039C559} = {914D4E90-3C0F-40C9-BC48-D0CAC08EF788}
		{8FF1D613-8EBB-4C25-A96C-B0D62FE07871} = {4C3E196C-A362-4F3A-9725-3EDCBD426360}
		{705A1DA3-42DB-4CE1-873B-EDDC49D9E6D6} = {4C3E196C-A362-4F3A-9725-3EDCBD426360}
		{5A980173-95AE-43E3-AE2D-B5FAFBC2C6C9} = {4C3E196C-A362-4F3A-9725-3EDCBD426360}
		{58F119B8-FB5D-4F26-9BCF-83CAFF7861C0} = {A8D5860F-D098-4E35-A2FD-5D35AEC16B16}
		{3D4AF992-A7B4-4A98-B9D6-E1EC1D8CF43D} = {914D4E90-3C0F-40C9-BC48-D0CAC08EF788}
		{A38DC898-E9CC-48A6-8F70-960FF7079201} = {A8D5860F-D098-4E35-A2FD-5D35AEC16B16}
		{CF150814-07D8-47EC-BC0A-B498420ADF08} = {914D4E90-3C0F-40C9-BC48-D0CAC08EF788}
		{ED6B7779-151F-4AF8-9B11-C54F5B0819B0} = {4C3E196C-A362-4F3A-9725-3EDCBD426360}
	EndGlobalSection
	GlobalSection(ExtensibilityGlobals) = postSolution
		SolutionGuid = {EB61ACF2-A344-4BFA-A89D-C07FC752A929}
	EndGlobalSection
EndGlobal
