
Microsoft Visual Studio Solution File, Format Version 12.00
# Visual Studio 15
VisualStudioVersion = 15.0.26730.16
MinimumVisualStudioVersion = 10.0.40219.1
Project("{2150E333-8FDC-42A3-9474-1A3956D46DE8}") = "Tools", "Tools", "{A8D35DDF-160B-4206-8243-916DB6BD8CDE}"
EndProject
Project("{FAE04EC0-301F-11D3-BF4B-00C04F79EFBC}") = "Common", "Common\Common.csproj", "{522788E6-8782-4E34-9F9F-D1D02249E46F}"
EndProject
Project("{2150E333-8FDC-42A3-9474-1A3956D46DE8}") = "DataAccesLayer", "DataAccesLayer", "{A8D5860F-D098-4E35-A2FD-5D35AEC16B16}"
EndProject
Project("{2150E333-8FDC-42A3-9474-1A3956D46DE8}") = "BussinessRulesLayer", "BussinessRulesLayer", "{914D4E90-3C0F-40C9-BC48-D0CAC08EF788}"
EndProject
Project("{2150E333-8FDC-42A3-9474-1A3956D46DE8}") = "Test", "Test", "{3E3A78F9-B8FC-42F6-9434-639B21E0AA8E}"
EndProject
Project("{FAE04EC0-301F-11D3-BF4B-00C04F79EFBC}") = "UsersDal", "UsersDal\UsersDal.csproj", "{0C35FC1F-5130-43D2-9C6B-F5467EAEE3B4}"
EndProject
Project("{FAE04EC0-301F-11D3-BF4B-00C04F79EFBC}") = "UsersBrl", "UsersBrl\UsersBrl.csproj", "{D977D4A1-464C-4843-9BB7-15EC085825E8}"
EndProject
Project("{FAE04EC0-301F-11D3-BF4B-00C04F79EFBC}") = "AcademicDal", "AcademicDal\AcademicDal.csproj", "{17554C04-E2B9-45CA-8E48-DDB849B57012}"
EndProject
Project("{FAE04EC0-301F-11D3-BF4B-00C04F79EFBC}") = "AcademicBrl", "AcademicBrl\AcademicBrl.csproj", "{FC48E92A-BFFB-4E50-B147-E5E4F377E71C}"
EndProject
Project("{2150E333-8FDC-42A3-9474-1A3956D46DE8}") = "Presentation", "Presentation", "{D2552A6E-B5AB-4540-8E41-6A7CD1AB69DF}"
EndProject
Project("{FAE04EC0-301F-11D3-BF4B-00C04F79EFBC}") = "WepAcademicServices", "WepAcademicServices\WepAcademicServices.csproj", "{0D84201E-94B7-4EB8-AFD4-1C5494AEBFBD}"
EndProject
Project("{FAE04EC0-301F-11D3-BF4B-00C04F79EFBC}") = "UniTestAcademic", "UniTestAcademic\UniTestAcademic.csproj", "{03B2FADE-1E51-4684-A1B2-AE04096A54DB}"
	ProjectSection(ProjectDependencies) = postProject
		{0D84201E-94B7-4EB8-AFD4-1C5494AEBFBD} = {0D84201E-94B7-4EB8-AFD4-1C5494AEBFBD}
	EndProjectSection
EndProject
Project("{FAE04EC0-301F-11D3-BF4B-00C04F79EFBC}") = "CommonDto", "CommonDto\CommonDto.csproj", "{17165D06-E183-4622-8D0C-B1F4DC6AAF5C}"
EndProject
Project("{FAE04EC0-301F-11D3-BF4B-00C04F79EFBC}") = "WebRegisterServices", "WebRegisterServices\WebRegisterServices.csproj", "{C950FA67-3957-4E2B-BAAC-2A1A623CCE99}"
EndProject
Project("{FAE04EC0-301F-11D3-BF4B-00C04F79EFBC}") = "UsersTest", "UsersTest\UsersTest.csproj", "{983907DC-529D-45DB-80A4-75FDAA1667B1}"
EndProject
Global
	GlobalSection(SolutionConfigurationPlatforms) = preSolution
		Debug|Any CPU = Debug|Any CPU
		Release|Any CPU = Release|Any CPU
	EndGlobalSection
	GlobalSection(ProjectConfigurationPlatforms) = postSolution
		{522788E6-8782-4E34-9F9F-D1D02249E46F}.Debug|Any CPU.ActiveCfg = Debug|Any CPU
		{522788E6-8782-4E34-9F9F-D1D02249E46F}.Debug|Any CPU.Build.0 = Debug|Any CPU
		{522788E6-8782-4E34-9F9F-D1D02249E46F}.Release|Any CPU.ActiveCfg = Release|Any CPU
		{522788E6-8782-4E34-9F9F-D1D02249E46F}.Release|Any CPU.Build.0 = Release|Any CPU
		{0C35FC1F-5130-43D2-9C6B-F5467EAEE3B4}.Debug|Any CPU.ActiveCfg = Debug|Any CPU
		{0C35FC1F-5130-43D2-9C6B-F5467EAEE3B4}.Debug|Any CPU.Build.0 = Debug|Any CPU
		{0C35FC1F-5130-43D2-9C6B-F5467EAEE3B4}.Release|Any CPU.ActiveCfg = Release|Any CPU
		{0C35FC1F-5130-43D2-9C6B-F5467EAEE3B4}.Release|Any CPU.Build.0 = Release|Any CPU
		{D977D4A1-464C-4843-9BB7-15EC085825E8}.Debug|Any CPU.ActiveCfg = Debug|Any CPU
		{D977D4A1-464C-4843-9BB7-15EC085825E8}.Debug|Any CPU.Build.0 = Debug|Any CPU
		{D977D4A1-464C-4843-9BB7-15EC085825E8}.Release|Any CPU.ActiveCfg = Release|Any CPU
		{D977D4A1-464C-4843-9BB7-15EC085825E8}.Release|Any CPU.Build.0 = Release|Any CPU
		{17554C04-E2B9-45CA-8E48-DDB849B57012}.Debug|Any CPU.ActiveCfg = Debug|Any CPU
		{17554C04-E2B9-45CA-8E48-DDB849B57012}.Debug|Any CPU.Build.0 = Debug|Any CPU
		{17554C04-E2B9-45CA-8E48-DDB849B57012}.Release|Any CPU.ActiveCfg = Release|Any CPU
		{17554C04-E2B9-45CA-8E48-DDB849B57012}.Release|Any CPU.Build.0 = Release|Any CPU
		{FC48E92A-BFFB-4E50-B147-E5E4F377E71C}.Debug|Any CPU.ActiveCfg = Debug|Any CPU
		{FC48E92A-BFFB-4E50-B147-E5E4F377E71C}.Debug|Any CPU.Build.0 = Debug|Any CPU
		{FC48E92A-BFFB-4E50-B147-E5E4F377E71C}.Release|Any CPU.ActiveCfg = Release|Any CPU
		{FC48E92A-BFFB-4E50-B147-E5E4F377E71C}.Release|Any CPU.Build.0 = Release|Any CPU
		{0D84201E-94B7-4EB8-AFD4-1C5494AEBFBD}.Debug|Any CPU.ActiveCfg = Debug|Any CPU
		{0D84201E-94B7-4EB8-AFD4-1C5494AEBFBD}.Debug|Any CPU.Build.0 = Debug|Any CPU
		{0D84201E-94B7-4EB8-AFD4-1C5494AEBFBD}.Release|Any CPU.ActiveCfg = Release|Any CPU
		{0D84201E-94B7-4EB8-AFD4-1C5494AEBFBD}.Release|Any CPU.Build.0 = Release|Any CPU
		{03B2FADE-1E51-4684-A1B2-AE04096A54DB}.Debug|Any CPU.ActiveCfg = Debug|Any CPU
		{03B2FADE-1E51-4684-A1B2-AE04096A54DB}.Debug|Any CPU.Build.0 = Debug|Any CPU
		{03B2FADE-1E51-4684-A1B2-AE04096A54DB}.Release|Any CPU.ActiveCfg = Release|Any CPU
		{03B2FADE-1E51-4684-A1B2-AE04096A54DB}.Release|Any CPU.Build.0 = Release|Any CPU
		{17165D06-E183-4622-8D0C-B1F4DC6AAF5C}.Debug|Any CPU.ActiveCfg = Debug|Any CPU
		{17165D06-E183-4622-8D0C-B1F4DC6AAF5C}.Debug|Any CPU.Build.0 = Debug|Any CPU
		{17165D06-E183-4622-8D0C-B1F4DC6AAF5C}.Release|Any CPU.ActiveCfg = Release|Any CPU
		{17165D06-E183-4622-8D0C-B1F4DC6AAF5C}.Release|Any CPU.Build.0 = Release|Any CPU
		{C950FA67-3957-4E2B-BAAC-2A1A623CCE99}.Debug|Any CPU.ActiveCfg = Debug|Any CPU
		{C950FA67-3957-4E2B-BAAC-2A1A623CCE99}.Debug|Any CPU.Build.0 = Debug|Any CPU
		{C950FA67-3957-4E2B-BAAC-2A1A623CCE99}.Release|Any CPU.ActiveCfg = Release|Any CPU
		{C950FA67-3957-4E2B-BAAC-2A1A623CCE99}.Release|Any CPU.Build.0 = Release|Any CPU
		{983907DC-529D-45DB-80A4-75FDAA1667B1}.Debug|Any CPU.ActiveCfg = Debug|Any CPU
		{983907DC-529D-45DB-80A4-75FDAA1667B1}.Debug|Any CPU.Build.0 = Debug|Any CPU
		{983907DC-529D-45DB-80A4-75FDAA1667B1}.Release|Any CPU.ActiveCfg = Release|Any CPU
		{983907DC-529D-45DB-80A4-75FDAA1667B1}.Release|Any CPU.Build.0 = Release|Any CPU
	EndGlobalSection
	GlobalSection(SolutionProperties) = preSolution
		HideSolutionNode = FALSE
	EndGlobalSection
	GlobalSection(NestedProjects) = preSolution
		{522788E6-8782-4E34-9F9F-D1D02249E46F} = {A8D35DDF-160B-4206-8243-916DB6BD8CDE}
		{0C35FC1F-5130-43D2-9C6B-F5467EAEE3B4} = {A8D5860F-D098-4E35-A2FD-5D35AEC16B16}
		{D977D4A1-464C-4843-9BB7-15EC085825E8} = {914D4E90-3C0F-40C9-BC48-D0CAC08EF788}
		{17554C04-E2B9-45CA-8E48-DDB849B57012} = {A8D5860F-D098-4E35-A2FD-5D35AEC16B16}
		{FC48E92A-BFFB-4E50-B147-E5E4F377E71C} = {914D4E90-3C0F-40C9-BC48-D0CAC08EF788}
		{0D84201E-94B7-4EB8-AFD4-1C5494AEBFBD} = {D2552A6E-B5AB-4540-8E41-6A7CD1AB69DF}
		{03B2FADE-1E51-4684-A1B2-AE04096A54DB} = {3E3A78F9-B8FC-42F6-9434-639B21E0AA8E}
		{17165D06-E183-4622-8D0C-B1F4DC6AAF5C} = {A8D35DDF-160B-4206-8243-916DB6BD8CDE}
		{C950FA67-3957-4E2B-BAAC-2A1A623CCE99} = {D2552A6E-B5AB-4540-8E41-6A7CD1AB69DF}
		{983907DC-529D-45DB-80A4-75FDAA1667B1} = {3E3A78F9-B8FC-42F6-9434-639B21E0AA8E}
	EndGlobalSection
	GlobalSection(ExtensibilityGlobals) = postSolution
		SolutionGuid = {5530AFAB-E5C7-4564-8B76-269D4A58847C}
	EndGlobalSection
EndGlobal
