
Microsoft Visual Studio Solution File, Format Version 12.00
# Visual Studio 15
VisualStudioVersion = 15.0.27004.2002
MinimumVisualStudioVersion = 10.0.40219.1
Project("{9A19103F-16F7-4668-BE54-9A1E7A4F7556}") = "WebPeople", "WebPeople\WebPeople.csproj", "{4CB7380F-5F4D-489C-A570-5EF450E111BF}"
EndProject
Project("{FAE04EC0-301F-11D3-BF4B-00C04F79EFBC}") = "ConsoleAppTest", "ConsoleAppTest\ConsoleAppTest.csproj", "{A3BD4C7F-42BF-4018-9495-0214F04E0488}"
EndProject
Global
	GlobalSection(SolutionConfigurationPlatforms) = preSolution
		Debug|Any CPU = Debug|Any CPU
		Release|Any CPU = Release|Any CPU
	EndGlobalSection
	GlobalSection(ProjectConfigurationPlatforms) = postSolution
		{4CB7380F-5F4D-489C-A570-5EF450E111BF}.Debug|Any CPU.ActiveCfg = Debug|Any CPU
		{4CB7380F-5F4D-489C-A570-5EF450E111BF}.Debug|Any CPU.Build.0 = Debug|Any CPU
		{4CB7380F-5F4D-489C-A570-5EF450E111BF}.Release|Any CPU.ActiveCfg = Release|Any CPU
		{4CB7380F-5F4D-489C-A570-5EF450E111BF}.Release|Any CPU.Build.0 = Release|Any CPU
		{A3BD4C7F-42BF-4018-9495-0214F04E0488}.Debug|Any CPU.ActiveCfg = Debug|Any CPU
		{A3BD4C7F-42BF-4018-9495-0214F04E0488}.Debug|Any CPU.Build.0 = Debug|Any CPU
		{A3BD4C7F-42BF-4018-9495-0214F04E0488}.Release|Any CPU.ActiveCfg = Release|Any CPU
		{A3BD4C7F-42BF-4018-9495-0214F04E0488}.Release|Any CPU.Build.0 = Release|Any CPU
	EndGlobalSection
	GlobalSection(SolutionProperties) = preSolution
		HideSolutionNode = FALSE
	EndGlobalSection
	GlobalSection(ExtensibilityGlobals) = postSolution
		SolutionGuid = {CAA255AC-FBA3-4ED7-9111-BA0B83BE8635}
	EndGlobalSection
EndGlobal
